
Microsoft Visual Studio Solution File, Format Version 12.00
# Visual Studio Version 17
VisualStudioVersion = 17.9.34902.65
MinimumVisualStudioVersion = 10.0.40219.1
Project("{9A19103F-16F7-4668-BE54-9A1E7A4F7556}") = "ApiProject", "ApiProject\ApiProject.csproj", "{9829C358-91D6-438B-9235-7B5CCE8FEFFD}"
EndProject
Project("{9A19103F-16F7-4668-BE54-9A1E7A4F7556}") = "Core", "Core\Core.csproj", "{00890122-596F-4C75-A866-05AE1B2FE5A7}"
EndProject
Project("{9A19103F-16F7-4668-BE54-9A1E7A4F7556}") = "Data", "Data\Data.csproj", "{463157D3-EE6A-4118-BAD6-1EDFD7F64ED7}"
EndProject
Project("{9A19103F-16F7-4668-BE54-9A1E7A4F7556}") = "Service", "Service\Service.csproj", "{E44D8322-40D6-4766-870F-2B3AABA09A3F}"
EndProject
Project("{FAE04EC0-301F-11D3-BF4B-00C04F79EFBC}") = "App.UI", "App.UI\App.UI.csproj", "{92B8BA06-CE9A-4341-BB97-CDA281EE9816}"
EndProject
Global
	GlobalSection(SolutionConfigurationPlatforms) = preSolution
		Debug|Any CPU = Debug|Any CPU
		Release|Any CPU = Release|Any CPU
	EndGlobalSection
	GlobalSection(ProjectConfigurationPlatforms) = postSolution
		{9829C358-91D6-438B-9235-7B5CCE8FEFFD}.Debug|Any CPU.ActiveCfg = Debug|Any CPU
		{9829C358-91D6-438B-9235-7B5CCE8FEFFD}.Debug|Any CPU.Build.0 = Debug|Any CPU
		{9829C358-91D6-438B-9235-7B5CCE8FEFFD}.Release|Any CPU.ActiveCfg = Release|Any CPU
		{9829C358-91D6-438B-9235-7B5CCE8FEFFD}.Release|Any CPU.Build.0 = Release|Any CPU
		{00890122-596F-4C75-A866-05AE1B2FE5A7}.Debug|Any CPU.ActiveCfg = Debug|Any CPU
		{00890122-596F-4C75-A866-05AE1B2FE5A7}.Debug|Any CPU.Build.0 = Debug|Any CPU
		{00890122-596F-4C75-A866-05AE1B2FE5A7}.Release|Any CPU.ActiveCfg = Release|Any CPU
		{00890122-596F-4C75-A866-05AE1B2FE5A7}.Release|Any CPU.Build.0 = Release|Any CPU
		{463157D3-EE6A-4118-BAD6-1EDFD7F64ED7}.Debug|Any CPU.ActiveCfg = Debug|Any CPU
		{463157D3-EE6A-4118-BAD6-1EDFD7F64ED7}.Debug|Any CPU.Build.0 = Debug|Any CPU
		{463157D3-EE6A-4118-BAD6-1EDFD7F64ED7}.Release|Any CPU.ActiveCfg = Release|Any CPU
		{463157D3-EE6A-4118-BAD6-1EDFD7F64ED7}.Release|Any CPU.Build.0 = Release|Any CPU
		{E44D8322-40D6-4766-870F-2B3AABA09A3F}.Debug|Any CPU.ActiveCfg = Debug|Any CPU
		{E44D8322-40D6-4766-870F-2B3AABA09A3F}.Debug|Any CPU.Build.0 = Debug|Any CPU
		{E44D8322-40D6-4766-870F-2B3AABA09A3F}.Release|Any CPU.ActiveCfg = Release|Any CPU
		{E44D8322-40D6-4766-870F-2B3AABA09A3F}.Release|Any CPU.Build.0 = Release|Any CPU
		{92B8BA06-CE9A-4341-BB97-CDA281EE9816}.Debug|Any CPU.ActiveCfg = Debug|Any CPU
		{92B8BA06-CE9A-4341-BB97-CDA281EE9816}.Debug|Any CPU.Build.0 = Debug|Any CPU
		{92B8BA06-CE9A-4341-BB97-CDA281EE9816}.Release|Any CPU.ActiveCfg = Release|Any CPU
		{92B8BA06-CE9A-4341-BB97-CDA281EE9816}.Release|Any CPU.Build.0 = Release|Any CPU
	EndGlobalSection
	GlobalSection(SolutionProperties) = preSolution
		HideSolutionNode = FALSE
	EndGlobalSection
	GlobalSection(ExtensibilityGlobals) = postSolution
		SolutionGuid = {4A1ADEC0-8BC9-485C-BCD2-746B53B93867}
	EndGlobalSection
EndGlobal
